// !$*UTF8*$!
{
	archiveVersion = 1;
	classes = {
	};
	objectVersion = 46;
	objects = {

/* Begin PBXBuildFile section */
		B57A21741A8D4818005308E2 /* main.m in Sources */ = {isa = PBXBuildFile; fileRef = B57A21731A8D4818005308E2 /* main.m */; };
		B57A21771A8D4818005308E2 /* AppDelegate.m in Sources */ = {isa = PBXBuildFile; fileRef = B57A21761A8D4818005308E2 /* AppDelegate.m */; };
		B57A217A1A8D4818005308E2 /* MasterViewController.m in Sources */ = {isa = PBXBuildFile; fileRef = B57A21791A8D4818005308E2 /* MasterViewController.m */; };
		B57A217D1A8D4818005308E2 /* DetailViewController.m in Sources */ = {isa = PBXBuildFile; fileRef = B57A217C1A8D4818005308E2 /* DetailViewController.m */; };
		B57A21801A8D4818005308E2 /* Main.storyboard in Resources */ = {isa = PBXBuildFile; fileRef = B57A217E1A8D4818005308E2 /* Main.storyboard */; };
		B57A21821A8D4818005308E2 /* Images.xcassets in Resources */ = {isa = PBXBuildFile; fileRef = B57A21811A8D4818005308E2 /* Images.xcassets */; };
		B57A21851A8D4818005308E2 /* LaunchScreen.xib in Resources */ = {isa = PBXBuildFile; fileRef = B57A21831A8D4818005308E2 /* LaunchScreen.xib */; };
		B57A21911A8D4818005308E2 /* FixMeTests.m in Sources */ = {isa = PBXBuildFile; fileRef = B57A21901A8D4818005308E2 /* FixMeTests.m */; };
/* End PBXBuildFile section */

/* Begin PBXContainerItemProxy section */
		B57A218B1A8D4818005308E2 /* PBXContainerItemProxy */ = {
			isa = PBXContainerItemProxy;
			containerPortal = B57A21661A8D4818005308E2 /* Project object */;
			proxyType = 1;
			remoteGlobalIDString = B57A216D1A8D4818005308E2;
			remoteInfo = FixMe;
		};
/* End PBXContainerItemProxy section */

/* Begin PBXFileReference section */
		B57A216E1A8D4818005308E2 /* FixMe.app */ = {isa = PBXFileReference; explicitFileType = wrapper.application; includeInIndex = 0; path = FixMe.app; sourceTree = BUILT_PRODUCTS_DIR; };
		B57A21721A8D4818005308E2 /* Info.plist */ = {isa = PBXFileReference; lastKnownFileType = text.plist.xml; path = Info.plist; sourceTree = "<group>"; };
		B57A21731A8D4818005308E2 /* main.m */ = {isa = PBXFileReference; lastKnownFileType = sourcecode.c.objc; path = main.m; sourceTree = "<group>"; };
		B57A21751A8D4818005308E2 /* AppDelegate.h */ = {isa = PBXFileReference; lastKnownFileType = sourcecode.c.h; path = AppDelegate.h; sourceTree = "<group>"; };
		B57A21761A8D4818005308E2 /* AppDelegate.m */ = {isa = PBXFileReference; lastKnownFileType = sourcecode.c.objc; path = AppDelegate.m; sourceTree = "<group>"; };
		B57A21781A8D4818005308E2 /* MasterViewController.h */ = {isa = PBXFileReference; lastKnownFileType = sourcecode.c.h; path = MasterViewController.h; sourceTree = "<group>"; };
		B57A21791A8D4818005308E2 /* MasterViewController.m */ = {isa = PBXFileReference; lastKnownFileType = sourcecode.c.objc; path = MasterViewController.m; sourceTree = "<group>"; };
		B57A217B1A8D4818005308E2 /* DetailViewController.h */ = {isa = PBXFileReference; lastKnownFileType = sourcecode.c.h; path = DetailViewController.h; sourceTree = "<group>"; };
		B57A217C1A8D4818005308E2 /* DetailViewController.m */ = {isa = PBXFileReference; lastKnownFileType = sourcecode.c.objc; path = DetailViewController.m; sourceTree = "<group>"; };
		B57A217F1A8D4818005308E2 /* Base */ = {isa = PBXFileReference; lastKnownFileType = file.storyboard; name = Base; path = Base.lproj/Main.storyboard; sourceTree = "<group>"; };
		B57A21811A8D4818005308E2 /* Images.xcassets */ = {isa = PBXFileReference; lastKnownFileType = folder.assetcatalog; path = Images.xcassets; sourceTree = "<group>"; };
		B57A21841A8D4818005308E2 /* Base */ = {isa = PBXFileReference; lastKnownFileType = file.xib; name = Base; path = Base.lproj/LaunchScreen.xib; sourceTree = "<group>"; };
		B57A218A1A8D4818005308E2 /* FixMeTests.xctest */ = {isa = PBXFileReference; explicitFileType = wrapper.cfbundle; includeInIndex = 0; path = FixMeTests.xctest; sourceTree = BUILT_PRODUCTS_DIR; };
		B57A218F1A8D4818005308E2 /* Info.plist */ = {isa = PBXFileReference; lastKnownFileType = text.plist.xml; path = Info.plist; sourceTree = "<group>"; };
		B57A21901A8D4818005308E2 /* FixMeTests.m */ = {isa = PBXFileReference; lastKnownFileType = sourcecode.c.objc; path = FixMeTests.m; sourceTree = "<group>"; };
/* End PBXFileReference section */

/* Begin PBXFrameworksBuildPhase section */
		B57A216B1A8D4818005308E2 /* Frameworks */ = {
			isa = PBXFrameworksBuildPhase;
			buildActionMask = 2147483647;
			files = (
			);
			runOnlyForDeploymentPostprocessing = 0;
		};
		B57A21871A8D4818005308E2 /* Frameworks */ = {
			isa = PBXFrameworksBuildPhase;
			buildActionMask = 2147483647;
			files = (
			);
			runOnlyForDeploymentPostprocessing = 0;
		};
/* End PBXFrameworksBuildPhase section */

/* Begin PBXGroup section */
		B57A21651A8D4818005308E2 = {
			isa = PBXGroup;
			children = (
				B57A21701A8D4818005308E2 /* FixMe */,
				B57A218D1A8D4818005308E2 /* FixMeTests */,
				B57A216F1A8D4818005308E2 /* Products */,
			);
			sourceTree = "<group>";
		};
		B57A216F1A8D4818005308E2 /* Products */ = {
			isa = PBXGroup;
			children = (
				B57A216E1A8D4818005308E2 /* FixMe.app */,
				B57A218A1A8D4818005308E2 /* FixMeTests.xctest */,
			);
			name = Products;
			sourceTree = "<group>";
		};
		B57A21701A8D4818005308E2 /* FixMe */ = {
			isa = PBXGroup;
			children = (
				B57A21751A8D4818005308E2 /* AppDelegate.h */,
				B57A21761A8D4818005308E2 /* AppDelegate.m */,
				B57A21781A8D4818005308E2 /* MasterViewController.h */,
				B57A21791A8D4818005308E2 /* MasterViewController.m */,
				B57A217B1A8D4818005308E2 /* DetailViewController.h */,
				B57A217C1A8D4818005308E2 /* DetailViewController.m */,
				B57A217E1A8D4818005308E2 /* Main.storyboard */,
				B57A21811A8D4818005308E2 /* Images.xcassets */,
				B57A21831A8D4818005308E2 /* LaunchScreen.xib */,
				B57A21711A8D4818005308E2 /* Supporting Files */,
			);
			path = FixMe;
			sourceTree = "<group>";
		};
		B57A21711A8D4818005308E2 /* Supporting Files */ = {
			isa = PBXGroup;
			children = (
				B57A21721A8D4818005308E2 /* Info.plist */,
				B57A21731A8D4818005308E2 /* main.m */,
			);
			name = "Supporting Files";
			sourceTree = "<group>";
		};
		B57A218D1A8D4818005308E2 /* FixMeTests */ = {
			isa = PBXGroup;
			children = (
				B57A21901A8D4818005308E2 /* FixMeTests.m */,
				B57A218E1A8D4818005308E2 /* Supporting Files */,
			);
			path = FixMeTests;
			sourceTree = "<group>";
		};
		B57A218E1A8D4818005308E2 /* Supporting Files */ = {
			isa = PBXGroup;
			children = (
				B57A218F1A8D4818005308E2 /* Info.plist */,
			);
			name = "Supporting Files";
			sourceTree = "<group>";
		};
/* End PBXGroup section */

/* Begin PBXNativeTarget section */
		B57A216D1A8D4818005308E2 /* FixMe */ = {
			isa = PBXNativeTarget;
			buildConfigurationList = B57A21941A8D4818005308E2 /* Build configuration list for PBXNativeTarget "FixMe" */;
			buildPhases = (
				B57A216A1A8D4818005308E2 /* Sources */,
				B57A216B1A8D4818005308E2 /* Frameworks */,
				B57A216C1A8D4818005308E2 /* Resources */,
			);
			buildRules = (
			);
			dependencies = (
			);
			name = FixMe;
			productName = FixMe;
			productReference = B57A216E1A8D4818005308E2 /* FixMe.app */;
			productType = "com.apple.product-type.application";
		};
		B57A21891A8D4818005308E2 /* FixMeTests */ = {
			isa = PBXNativeTarget;
			buildConfigurationList = B57A21971A8D4818005308E2 /* Build configuration list for PBXNativeTarget "FixMeTests" */;
			buildPhases = (
				B57A21861A8D4818005308E2 /* Sources */,
				B57A21871A8D4818005308E2 /* Frameworks */,
				B57A21881A8D4818005308E2 /* Resources */,
			);
			buildRules = (
			);
			dependencies = (
				B57A218C1A8D4818005308E2 /* PBXTargetDependency */,
			);
			name = FixMeTests;
			productName = FixMeTests;
			productReference = B57A218A1A8D4818005308E2 /* FixMeTests.xctest */;
			productType = "com.apple.product-type.bundle.unit-test";
		};
/* End PBXNativeTarget section */

/* Begin PBXProject section */
		B57A21661A8D4818005308E2 /* Project object */ = {
			isa = PBXProject;
			attributes = {
				LastUpgradeCheck = 0610;
				TargetAttributes = {
					B57A216D1A8D4818005308E2 = {
						CreatedOnToolsVersion = 6.1.1;
					};
					B57A21891A8D4818005308E2 = {
						CreatedOnToolsVersion = 6.1.1;
						TestTargetID = B57A216D1A8D4818005308E2;
					};
				};
			};
			buildConfigurationList = B57A21691A8D4818005308E2 /* Build configuration list for PBXProject "FixMe" */;
			compatibilityVersion = "Xcode 3.2";
			developmentRegion = English;
			hasScannedForEncodings = 0;
			knownRegions = (
				en,
				Base,
			);
			mainGroup = B57A21651A8D4818005308E2;
			productRefGroup = B57A216F1A8D4818005308E2 /* Products */;
			projectDirPath = "";
			projectRoot = "";
			targets = (
				B57A216D1A8D4818005308E2 /* FixMe */,
				B57A21891A8D4818005308E2 /* FixMeTests */,
			);
		};
/* End PBXProject section */

/* Begin PBXResourcesBuildPhase section */
		B57A216C1A8D4818005308E2 /* Resources */ = {
			isa = PBXResourcesBuildPhase;
			buildActionMask = 2147483647;
			files = (
				B57A21801A8D4818005308E2 /* Main.storyboard in Resources */,
				B57A21851A8D4818005308E2 /* LaunchScreen.xib in Resources */,
				B57A21821A8D4818005308E2 /* Images.xcassets in Resources */,
			);
			runOnlyForDeploymentPostprocessing = 0;
		};
		B57A21881A8D4818005308E2 /* Resources */ = {
			isa = PBXResourcesBuildPhase;
			buildActionMask = 2147483647;
			files = (
			);
			runOnlyForDeploymentPostprocessing = 0;
		};
/* End PBXResourcesBuildPhase section */

/* Begin PBXSourcesBuildPhase section */
		B57A216A1A8D4818005308E2 /* Sources */ = {
			isa = PBXSourcesBuildPhase;
			buildActionMask = 2147483647;
			files = (
				B57A21771A8D4818005308E2 /* AppDelegate.m in Sources */,
				B57A217A1A8D4818005308E2 /* MasterViewController.m in Sources */,
				B57A21741A8D4818005308E2 /* main.m in Sources */,
				B57A217D1A8D4818005308E2 /* DetailViewController.m in Sources */,
			);
			runOnlyForDeploymentPostprocessing = 0;
		};
		B57A21861A8D4818005308E2 /* Sources */ = {
			isa = PBXSourcesBuildPhase;
			buildActionMask = 2147483647;
			files = (
				B57A21911A8D4818005308E2 /* FixMeTests.m in Sources */,
			);
			runOnlyForDeploymentPostprocessing = 0;
		};
/* End PBXSourcesBuildPhase section */

/* Begin PBXTargetDependency section */
		B57A218C1A8D4818005308E2 /* PBXTargetDependency */ = {
			isa = PBXTargetDependency;
			target = B57A216D1A8D4818005308E2 /* FixMe */;
			targetProxy = B57A218B1A8D4818005308E2 /* PBXContainerItemProxy */;
		};
/* End PBXTargetDependency section */

/* Begin PBXVariantGroup section */
		B57A217E1A8D4818005308E2 /* Main.storyboard */ = {
			isa = PBXVariantGroup;
			children = (
				B57A217F1A8D4818005308E2 /* Base */,
			);
			name = Main.storyboard;
			sourceTree = "<group>";
		};
		B57A21831A8D4818005308E2 /* LaunchScreen.xib */ = {
			isa = PBXVariantGroup;
			children = (
				B57A21841A8D4818005308E2 /* Base */,
			);
			name = LaunchScreen.xib;
			sourceTree = "<group>";
		};
/* End PBXVariantGroup section */

/* Begin XCBuildConfiguration section */
		B57A21921A8D4818005308E2 /* Debug */ = {
			isa = XCBuildConfiguration;
			buildSettings = {
				ALWAYS_SEARCH_USER_PATHS = NO;
				CLANG_CXX_LANGUAGE_STANDARD = "gnu++0x";
				CLANG_CXX_LIBRARY = "libc++";
				CLANG_ENABLE_MODULES = YES;
				CLANG_ENABLE_OBJC_ARC = YES;
				CLANG_WARN_BOOL_CONVERSION = YES;
				CLANG_WARN_CONSTANT_CONVERSION = YES;
				CLANG_WARN_DIRECT_OBJC_ISA_USAGE = YES_ERROR;
				CLANG_WARN_EMPTY_BODY = YES;
				CLANG_WARN_ENUM_CONVERSION = YES;
				CLANG_WARN_INT_CONVERSION = YES;
				CLANG_WARN_OBJC_ROOT_CLASS = YES_ERROR;
				CLANG_WARN_UNREACHABLE_CODE = YES;
				CLANG_WARN__DUPLICATE_METHOD_MATCH = YES;
				"CODE_SIGN_IDENTITY[sdk=iphoneos*]" = "iPhone Developer";
				COPY_PHASE_STRIP = NO;
				ENABLE_STRICT_OBJC_MSGSEND = YES;
				GCC_C_LANGUAGE_STANDARD = gnu99;
				GCC_DYNAMIC_NO_PIC = NO;
				GCC_OPTIMIZATION_LEVEL = 0;
				GCC_PREPROCESSOR_DEFINITIONS = (
					"DEBUG=1",
					"$(inherited)",
				);
				GCC_SYMBOLS_PRIVATE_EXTERN = NO;
				GCC_WARN_64_TO_32_BIT_CONVERSION = YES;
				GCC_WARN_ABOUT_RETURN_TYPE = YES_ERROR;
				GCC_WARN_UNDECLARED_SELECTOR = YES;
				GCC_WARN_UNINITIALIZED_AUTOS = YES_AGGRESSIVE;
				GCC_WARN_UNUSED_FUNCTION = YES;
				GCC_WARN_UNUSED_VARIABLE = YES;
				IPHONEOS_DEPLOYMENT_TARGET = 8.1;
				MTL_ENABLE_DEBUG_INFO = YES;
				ONLY_ACTIVE_ARCH = YES;
				SDKROOT = iphoneos;
			};
			name = Debug;
		};
		B57A21931A8D4818005308E2 /* Release */ = {
			isa = XCBuildConfiguration;
			buildSettings = {
				ALWAYS_SEARCH_USER_PATHS = NO;
				CLANG_CXX_LANGUAGE_STANDARD = "gnu++0x";
				CLANG_CXX_LIBRARY = "libc++";
				CLANG_ENABLE_MODULES = YES;
				CLANG_ENABLE_OBJC_ARC = YES;
				CLANG_WARN_BOOL_CONVERSION = YES;
				CLANG_WARN_CONSTANT_CONVERSION = YES;
				CLANG_WARN_DIRECT_OBJC_ISA_USAGE = YES_ERROR;
				CLANG_WARN_EMPTY_BODY = YES;
				CLANG_WARN_ENUM_CONVERSION = YES;
				CLANG_WARN_INT_CONVERSION = YES;
				CLANG_WARN_OBJC_ROOT_CLASS = YES_ERROR;
				CLANG_WARN_UNREACHABLE_CODE = YES;
				CLANG_WARN__DUPLICATE_METHOD_MATCH = YES;
				"CODE_SIGN_IDENTITY[sdk=iphoneos*]" = "iPhone Developer";
				COPY_PHASE_STRIP = YES;
				ENABLE_NS_ASSERTIONS = NO;
				ENABLE_STRICT_OBJC_MSGSEND = YES;
				GCC_C_LANGUAGE_STANDARD = gnu99;
				GCC_WARN_64_TO_32_BIT_CONVERSION = YES;
				GCC_WARN_ABOUT_RETURN_TYPE = YES_ERROR;
				GCC_WARN_UNDECLARED_SELECTOR = YES;
				GCC_WARN_UNINITIALIZED_AUTOS = YES_AGGRESSIVE;
				GCC_WARN_UNUSED_FUNCTION = YES;
				GCC_WARN_UNUSED_VARIABLE = YES;
				IPHONEOS_DEPLOYMENT_TARGET = 8.1;
				MTL_ENABLE_DEBUG_INFO = NO;
				SDKROOT = iphoneos;
				VALIDATE_PRODUCT = YES;
			};
			name = Release;
		};
		B57A21951A8D4818005308E2 /* Debug */ = {
			isa = XCBuildConfiguration;
			buildSettings = {
				ASSETCATALOG_COMPILER_APPICON_NAME = AppIcon;
				INFOPLIST_FILE = FixMe/Info.plist;
				LD_RUNPATH_SEARCH_PATHS = "$(inherited) @executable_path/Frameworks";
				PRODUCT_NAME = "$(TARGET_NAME)";
			};
			name = Debug;
		};
		B57A21961A8D4818005308E2 /* Release */ = {
			isa = XCBuildConfiguration;
			buildSettings = {
				ASSETCATALOG_COMPILER_APPICON_NAME = AppIcon;
				INFOPLIST_FILE = FixMe/Info.plist;
				LD_RUNPATH_SEARCH_PATHS = "$(inherited) @executable_path/Frameworks";
				PRODUCT_NAME = "$(TARGET_NAME)";
			};
			name = Release;
		};
		B57A21981A8D4818005308E2 /* Debug */ = {
			isa = XCBuildConfiguration;
			buildSettings = {
				BUNDLE_LOADER = "$(TEST_HOST)";
				FRAMEWORK_SEARCH_PATHS = (
					"$(SDKROOT)/Developer/Library/Frameworks",
					"$(inherited)",
				);
				GCC_PREPROCESSOR_DEFINITIONS = (
					"DEBUG=1",
					"$(inherited)",
				);
				INFOPLIST_FILE = FixMeTests/Info.plist;
				LD_RUNPATH_SEARCH_PATHS = "$(inherited) @executable_path/Frameworks @loader_path/Frameworks";
				PRODUCT_NAME = "$(TARGET_NAME)";
				TEST_HOST = "$(BUILT_PRODUCTS_DIR)/FixMe.app/FixMe";
			};
			name = Debug;
		};
		B57A21991A8D4818005308E2 /* Release */ = {
			isa = XCBuildConfiguration;
			buildSettings = {
				BUNDLE_LOADER = "$(TEST_HOST)";
				FRAMEWORK_SEARCH_PATHS = (
					"$(SDKROOT)/Developer/Library/Frameworks",
					"$(inherited)",
				);
				INFOPLIST_FILE = FixMeTests/Info.plist;
				LD_RUNPATH_SEARCH_PATHS = "$(inherited) @executable_path/Frameworks @loader_path/Frameworks";
				PRODUCT_NAME = "$(TARGET_NAME)";
				TEST_HOST = "$(BUILT_PRODUCTS_DIR)/FixMe.app/FixMe";
			};
			name = Release;
		};
/* End XCBuildConfiguration section */

/* Begin XCConfigurationList section */
		B57A21691A8D4818005308E2 /* Build configuration list for PBXProject "FixMe" */ = {
			isa = XCConfigurationList;
			buildConfigurations = (
				B57A21921A8D4818005308E2 /* Debug */,
				B57A21931A8D4818005308E2 /* Release */,
			);
			defaultConfigurationIsVisible = 0;
			defaultConfigurationName = Release;
		};
		B57A21941A8D4818005308E2 /* Build configuration list for PBXNativeTarget "FixMe" */ = {
			isa = XCConfigurationList;
			buildConfigurations = (
				B57A21951A8D4818005308E2 /* Debug */,
				B57A21961A8D4818005308E2 /* Release */,
			);
			defaultConfigurationIsVisible = 0;
		};
		B57A21971A8D4818005308E2 /* Build configuration list for PBXNativeTarget "FixMeTests" */ = {
			isa = XCConfigurationList;
			buildConfigurations = (
				B57A21981A8D4818005308E2 /* Debug */,
				B57A21991A8D4818005308E2 /* Release */,
			);
			defaultConfigurationIsVisible = 0;
		};
/* End XCConfigurationList section */
	};
	rootObject = B57A21661A8D4818005308E2 /* Project object */;
}
